schema: '2.0'
stages:
  download:
    cmd: python scripts/data_load.py
    deps:
    - path: scripts/data_load.py
      hash: md5
      md5: 7cb974d1941decde72e7a075eaf1d097
      size: 470
    outs:
    - path: data/california_housing.csv
      hash: md5
      md5: 51402f70515abed6d4591d34fa69ce2e
      size: 1895149
  prepare:
    cmd: python scripts/prepare.py
    deps:
    - path: data/california_housing.csv
      hash: md5
      md5: 51402f70515abed6d4591d34fa69ce2e
      size: 1895149
    - path: scripts/prepare.py
      hash: md5
      md5: f20f7491256bd32d28065a8d7202539c
      size: 433
    outs:
    - path: data/california_housing_prepared.csv
      hash: md5
      md5: 288b92dd1ef10055cda44dcfa23a2ecd
      size: 1889443
  train:
    cmd: python scripts/train.py
    deps:
    - path: data/california_housing_prepared.csv
      hash: md5
      md5: 288b92dd1ef10055cda44dcfa23a2ecd
      size: 1889443
    - path: scripts/train.py
      hash: md5
      md5: aa598fcf65dc16385430c20aa2c3385a
      size: 774
    outs:
    - path: models/rf_model.joblib
      hash: md5
      md5: 55301695beaa49c48febff82a5dbc71f
      size: 144744833
  evaluate:
    cmd: python scripts/evaluate.py
    deps:
    - path: models/rf_model.joblib
      hash: md5
      md5: 55301695beaa49c48febff82a5dbc71f
      size: 144744833
    - path: scripts/evaluate.py
      hash: md5
      md5: 6e55bb7c2a033c31afe0343eda88153b
      size: 952
  metrics:
    cmd: python scripts/metrics.py
    deps:
    - path: data/california_housing_prepared.csv
      hash: md5
      md5: 288b92dd1ef10055cda44dcfa23a2ecd
      size: 1889443
    - path: models/rf_model.joblib
      hash: md5
      md5: 55301695beaa49c48febff82a5dbc71f
      size: 144744833
    - path: scripts/metrics.py
      hash: md5
      md5: d8c6a9ddf9e807c364de0eae974508d9
      size: 2733
    outs:
    - path: metrics/mse_plot.png
      hash: md5
      md5: 0b09cbd1fbcfa6c73d72f044fd7fd9d0
      size: 62684
    - path: metrics/mse_values.csv
      hash: md5
      md5: f130f7eda23d3e5fec9676137715cd99
      size: 140119
  validate:
    cmd: python scripts/data_validate.py
    deps:
    - path: data/california_housing.csv
      hash: md5
      md5: 51402f70515abed6d4591d34fa69ce2e
      size: 1895149
    - path: scripts/data_validate.py
      hash: md5
      md5: 1bb809474f9c39ca3ee964a3ad893cd1
      size: 2246
    outs:
    - path: metrics/data_correlation_matrix.png
      hash: md5
      md5: 4d05d882e8c663776073702d19addddd
      size: 89256
    - path: metrics/data_histogram.png
      hash: md5
      md5: 4f11c76b3f7d7d662793aa1ce408c77e
      size: 108574
    - path: metrics/data_report.txt
      hash: md5
      md5: cb3b6a75968f50e1ecd1328e45471fd0
      size: 2468
